{
  "name": "habitify2",
  "requires": true,
  "lockfileVersion": 1,
  "dependencies": {
    "@shopify/images": {
      "version": "1.1.5",
      "resolved": "https://registry.npmjs.org/@shopify/images/-/images-1.1.5.tgz",
      "integrity": "sha512-DIPOT6ACpmsqYwvh0TQ48PgmZFceuoV8imrxfmCK6HD+zWcE6TWfunKaGEo0DkkdsS+6guGd/aJXe9m+dyBvdQ=="
    },
    "@shopify/javascript-utilities": {
      "version": "2.1.0",
      "resolved": "https://registry.npmjs.org/@shopify/javascript-utilities/-/javascript-utilities-2.1.0.tgz",
      "integrity": "sha512-7ImQ8HaeCalPkS63CYGLLheZ4U+1A0MHa9wlOL1X1ZPqEHNeBZGnLZyY99WOIsmJW4u4PiGihlEnTqD2Yinf5w==",
      "requires": {
        "@types/lodash": "4.14.110",
        "@types/react": "16.4.1",
        "lodash": "4.17.10",
        "lodash-decorators": "4.5.0"
      }
    },
    "@shopify/polaris": {
      "version": "2.2.0",
      "resolved": "https://registry.npmjs.org/@shopify/polaris/-/polaris-2.2.0.tgz",
      "integrity": "sha512-OMTpXdLx682mXodTc7F1CbGZafQIhjZwvjEfL/U4IlxQNjkEIi5ziqDSkTvD0v/G1FC2OgMDZUzGVulSj67Mug==",
      "requires": {
        "@shopify/images": "1.1.5",
        "@shopify/javascript-utilities": "2.1.0",
        "@shopify/react-utilities": "2.0.0-beta.9",
        "@types/prop-types": "15.5.3",
        "@types/react": "16.4.1",
        "@types/react-dom": "16.0.6",
        "@types/react-transition-group": "2.0.11",
        "babel-runtime": "6.26.0",
        "core-js": "2.5.7",
        "hoist-non-react-statics": "2.5.5",
        "lodash": "4.17.10",
        "lodash-decorators": "4.5.0",
        "prop-types": "15.6.2",
        "react-transition-group": "2.3.1",
        "tslib": "1.9.3"
      },
      "dependencies": {
        "prop-types": {
          "version": "15.6.2",
          "resolved": "https://registry.npmjs.org/prop-types/-/prop-types-15.6.2.tgz",
          "integrity": "sha512-3pboPvLiWD7dkI3qf3KbUe6hKFKa52w+AE0VCqECtf+QHAKgOL37tTaNCnuX1nAAQ4ZhyP+kYVKf8rLmJ/feDQ==",
          "requires": {
            "loose-envify": "1.3.1",
            "object-assign": "4.1.1"
          }
        }
      }
    },
    "@shopify/react-utilities": {
      "version": "2.0.0-beta.9",
      "resolved": "https://registry.npmjs.org/@shopify/react-utilities/-/react-utilities-2.0.0-beta.9.tgz",
      "integrity": "sha512-sgnoBVjg1ULAv3fQ2TvEfTyXJBAs6WQOBLuTSf3AP6Bs8zfY2QSL4/pwr2q8uk1HG/YR7pCKKFkgkHogCL5qwA==",
      "requires": {
        "@shopify/javascript-utilities": "2.1.0",
        "@types/classnames": "2.2.4",
        "@types/node": "8.10.20",
        "@types/react": "16.4.1",
        "classnames": "2.2.6",
        "core-js": "2.5.7"
      }
    },
    "@types/classnames": {
      "version": "2.2.4",
      "resolved": "https://registry.npmjs.org/@types/classnames/-/classnames-2.2.4.tgz",
      "integrity": "sha512-UWUmNYhaIGDx8Kv0NSqFRwP6HWnBMXam4nBacOrjIiPBKKCdWMCe77+Nbn6rI9+Us9c+BhE26u84xeYQv2bKeA=="
    },
    "@types/lodash": {
      "version": "4.14.110",
      "resolved": "https://registry.npmjs.org/@types/lodash/-/lodash-4.14.110.tgz",
      "integrity": "sha512-iXYLa6olt4tnsCA+ZXeP6eEW3tk1SulWeYyP/yooWfAtXjozqXgtX4+XUtMuOCfYjKGz3F34++qUc3Q+TJuIIw=="
    },
    "@types/node": {
      "version": "8.10.20",
      "resolved": "https://registry.npmjs.org/@types/node/-/node-8.10.20.tgz",
      "integrity": "sha512-M7x8+5D1k/CuA6jhiwuSCmE8sbUWJF0wYsjcig9WrXvwUI5ArEoUBdOXpV4JcEMrLp02/QbDjw+kI+vQeKyQgg=="
    },
    "@types/prop-types": {
      "version": "15.5.3",
      "resolved": "https://registry.npmjs.org/@types/prop-types/-/prop-types-15.5.3.tgz",
      "integrity": "sha512-sfjHrNF4zWRv3fJUGyZW46wVxhYJ/GeWIPdKxbnLIhY3bWR0Ncl2kIhZI7rpjY9KtUQAkDP8jWEmaGQGFFvruA=="
    },
    "@types/react": {
      "version": "16.4.1",
      "resolved": "https://registry.npmjs.org/@types/react/-/react-16.4.1.tgz",
      "integrity": "sha512-uZP8Fd4f7rwHKztnOhFJYEJsKXO7opmcyKk5P9vRC8UJAx3AiWaGFiLxDqPJqzO3n3IhF/v6rdscxadarEXnag==",
      "requires": {
        "csstype": "2.5.5"
      }
    },
    "@types/react-dom": {
      "version": "16.0.6",
      "resolved": "https://registry.npmjs.org/@types/react-dom/-/react-dom-16.0.6.tgz",
      "integrity": "sha512-M+1zmwa5KxUpkCuxA4whlDJKYTGNvNQW4pIoCLH16xGbClicD9CzPry4y94kTjCCk/bJZCZ/GVqUsP7eKcO/mQ==",
      "requires": {
        "@types/node": "8.10.20",
        "@types/react": "16.4.1"
      }
    },
    "@types/react-transition-group": {
      "version": "2.0.11",
      "resolved": "https://registry.npmjs.org/@types/react-transition-group/-/react-transition-group-2.0.11.tgz",
      "integrity": "sha512-ZLShHPYsjehQBQq1wD9EQBU1BngZOJZMTuUEipENbYPvZMt4bbLcVUaohZTilKLu0viZouadQ6mANHYynNcUOQ==",
      "requires": {
        "@types/react": "16.4.1"
      }
    },
    "babel-runtime": {
      "version": "6.26.0",
      "resolved": "https://registry.npmjs.org/babel-runtime/-/babel-runtime-6.26.0.tgz",
      "integrity": "sha1-llxwWGaOgrVde/4E/yM3vItWR/4=",
      "requires": {
        "core-js": "2.5.7",
        "regenerator-runtime": "0.11.1"
      }
    },
    "classnames": {
      "version": "2.2.6",
      "resolved": "https://registry.npmjs.org/classnames/-/classnames-2.2.6.tgz",
      "integrity": "sha512-JR/iSQOSt+LQIWwrwEzJ9uk0xfN3mTVYMwt1Ir5mUcSN6pU+V4zQFFaJsclJbPuAUQH+yfWef6tm7l1quW3C8Q=="
    },
    "core-js": {
      "version": "2.5.7",
      "resolved": "https://registry.npmjs.org/core-js/-/core-js-2.5.7.tgz",
      "integrity": "sha512-RszJCAxg/PP6uzXVXL6BsxSXx/B05oJAQ2vkJRjyjrEcNVycaqOmNb5OTxZPE3xa5gwZduqza6L9JOCenh/Ecw=="
    },
    "csstype": {
      "version": "2.5.5",
      "resolved": "https://registry.npmjs.org/csstype/-/csstype-2.5.5.tgz",
      "integrity": "sha512-EGMjeoiN3aqEX5u/cyH5mSdGBDGdLcCQvcEcBWNGFSPXKd9uOTIeVG91YQ22OxI44DKpvI+4C7VUSmEpsHWJaA=="
    },
    "dom-helpers": {
      "version": "3.3.1",
      "resolved": "https://registry.npmjs.org/dom-helpers/-/dom-helpers-3.3.1.tgz",
      "integrity": "sha512-2Sm+JaYn74OiTM2wHvxJOo3roiq/h25Yi69Fqk269cNUwIXsCvATB6CRSFC9Am/20G2b28hGv/+7NiWydIrPvg=="
    },
    "hoist-non-react-statics": {
      "version": "2.5.5",
      "resolved": "https://registry.npmjs.org/hoist-non-react-statics/-/hoist-non-react-statics-2.5.5.tgz",
      "integrity": "sha512-rqcy4pJo55FTTLWt+bU8ukscqHeE/e9KWvsOW2b/a3afxQZhwkQdT1rPPCJ0rYXdj4vNcasY8zHTH+jF/qStxw=="
    },
    "js-tokens": {
      "version": "3.0.2",
      "resolved": "https://registry.npmjs.org/js-tokens/-/js-tokens-3.0.2.tgz",
      "integrity": "sha1-mGbfOVECEw449/mWvOtlRDIJwls="
    },
    "lodash": {
      "version": "4.17.10",
      "resolved": "https://registry.npmjs.org/lodash/-/lodash-4.17.10.tgz",
      "integrity": "sha512-UejweD1pDoXu+AD825lWwp4ZGtSwgnpZxb3JDViD7StjQz+Nb/6l093lx4OQ0foGWNRoc19mWy7BzL+UAK2iVg=="
    },
    "lodash-decorators": {
      "version": "4.5.0",
      "resolved": "https://registry.npmjs.org/lodash-decorators/-/lodash-decorators-4.5.0.tgz",
      "integrity": "sha512-isfVBBSzzXu7Z6abY/Bit5hCbM+gPhQx/DluTPAmzUPF3KRtvLLRNBgVFUxw6B8vwTMGyQFRVqbvQBli9hsXZA==",
      "requires": {
        "tslib": "1.9.3"
      }
    },
    "loose-envify": {
      "version": "1.3.1",
      "resolved": "https://registry.npmjs.org/loose-envify/-/loose-envify-1.3.1.tgz",
      "integrity": "sha1-0aitM/qc4OcT1l/dCsi3SNR4yEg=",
      "requires": {
        "js-tokens": "3.0.2"
      }
    },
    "object-assign": {
      "version": "4.1.1",
      "resolved": "https://registry.npmjs.org/object-assign/-/object-assign-4.1.1.tgz",
      "integrity": "sha1-IQmtx5ZYh8/AXLvUQsrIv7s2CGM="
    },
    "react-transition-group": {
      "version": "2.3.1",
      "resolved": "https://registry.npmjs.org/react-transition-group/-/react-transition-group-2.3.1.tgz",
      "integrity": "sha512-hu4/LAOFSKjWt1+1hgnOv3ldxmt6lvZGTWz4KUkFrqzXrNDIVSu6txIcPszw7PNduR8en9YTN55JLRyd/L1ZiQ==",
      "requires": {
        "dom-helpers": "3.3.1",
        "loose-envify": "1.3.1",
        "prop-types": "15.6.2"
      },
      "dependencies": {
        "prop-types": {
          "version": "15.6.2",
          "resolved": "https://registry.npmjs.org/prop-types/-/prop-types-15.6.2.tgz",
          "integrity": "sha512-3pboPvLiWD7dkI3qf3KbUe6hKFKa52w+AE0VCqECtf+QHAKgOL37tTaNCnuX1nAAQ4ZhyP+kYVKf8rLmJ/feDQ==",
          "requires": {
            "loose-envify": "1.3.1",
            "object-assign": "4.1.1"
          }
        }
      }
    },
    "regenerator-runtime": {
      "version": "0.11.1",
      "resolved": "https://registry.npmjs.org/regenerator-runtime/-/regenerator-runtime-0.11.1.tgz",
      "integrity": "sha512-MguG95oij0fC3QV3URf4V2SDYGJhJnJGqvIIgdECeODCT98wSWDAJ94SSuVpYQUoTcGUIL6L4yNB7j1DFFHSBg=="
    },
    "tslib": {
      "version": "1.9.3",
      "resolved": "https://registry.npmjs.org/tslib/-/tslib-1.9.3.tgz",
      "integrity": "sha512-4krF8scpejhaOgqzBEcGM7yDIEfi0/8+8zDRZhNZZ2kjmHJ4hv3zCbQWxoJGz1iw5U0Jl0nma13xzHXcncMavQ=="
    }
  }
}
